// !$*UTF8*$!
{
	archiveVersion = 1;
	classes = {
	};
	objectVersion = 56;
	objects = {

/* Begin PBXBuildFile section */
		5B43474D2A60D66C000CB1A6 /* GoogleService-Info.plist in Resources */ = {isa = PBXBuildFile; fileRef = 5B43474C2A60D66C000CB1A6 /* GoogleService-Info.plist */; };
		5B4347502A60D73F000CB1A6 /* FirebaseAnalytics in Frameworks */ = {isa = PBXBuildFile; productRef = 5B43474F2A60D73F000CB1A6 /* FirebaseAnalytics */; };
		5B4347522A60D73F000CB1A6 /* FirebaseDatabase in Frameworks */ = {isa = PBXBuildFile; productRef = 5B4347512A60D73F000CB1A6 /* FirebaseDatabase */; };
		5B4347542A60D73F000CB1A6 /* FirebaseDatabaseSwift in Frameworks */ = {isa = PBXBuildFile; productRef = 5B4347532A60D73F000CB1A6 /* FirebaseDatabaseSwift */; };
		5B4347562A60E251000CB1A6 /* EventViewModel.swift in Sources */ = {isa = PBXBuildFile; fileRef = 5B4347552A60E251000CB1A6 /* EventViewModel.swift */; };
		5BEC5BB32A89E4430058FEC8 /* MultilineLabel.swift in Sources */ = {isa = PBXBuildFile; fileRef = 5BEC5BB22A89E4430058FEC8 /* MultilineLabel.swift */; };
		8B8E66122A2ADF79001E5D25 /* HorizontalDivider.swift in Sources */ = {isa = PBXBuildFile; fileRef = 8B8E66112A2ADF79001E5D25 /* HorizontalDivider.swift */; };
		8BC095162A2ADAF8009140C6 /* Day.swift in Sources */ = {isa = PBXBuildFile; fileRef = 8BC095152A2ADAF8009140C6 /* Day.swift */; };
		8BE1F3382A43583C00D1AD6D /* CustomNavigationBar.swift in Sources */ = {isa = PBXBuildFile; fileRef = 8BE1F3372A43583C00D1AD6D /* CustomNavigationBar.swift */; };
		8BE3F6F42A26E65E00A4DBC2 /* DetroitAppApp.swift in Sources */ = {isa = PBXBuildFile; fileRef = 8BE3F6F32A26E65E00A4DBC2 /* DetroitAppApp.swift */; };
		8BE3F6F62A26E65E00A4DBC2 /* ContentView.swift in Sources */ = {isa = PBXBuildFile; fileRef = 8BE3F6F52A26E65E00A4DBC2 /* ContentView.swift */; };
		8BE3F6F82A26E65F00A4DBC2 /* Assets.xcassets in Resources */ = {isa = PBXBuildFile; fileRef = 8BE3F6F72A26E65F00A4DBC2 /* Assets.xcassets */; };
		8BE3F6FB2A26E65F00A4DBC2 /* Preview Assets.xcassets in Resources */ = {isa = PBXBuildFile; fileRef = 8BE3F6FA2A26E65F00A4DBC2 /* Preview Assets.xcassets */; };
		8BE3F7022A26E8C700A4DBC2 /* Event.swift in Sources */ = {isa = PBXBuildFile; fileRef = 8BE3F7012A26E8C700A4DBC2 /* Event.swift */; };
		8BE3F7042A26EB8B00A4DBC2 /* EventView.swift in Sources */ = {isa = PBXBuildFile; fileRef = 8BE3F7032A26EB8B00A4DBC2 /* EventView.swift */; };
/* End PBXBuildFile section */

/* Begin PBXFileReference section */
		5B43474C2A60D66C000CB1A6 /* GoogleService-Info.plist */ = {isa = PBXFileReference; fileEncoding = 4; lastKnownFileType = text.plist.xml; name = "GoogleService-Info.plist"; path = "../../../../Downloads/GoogleService-Info.plist"; sourceTree = "<group>"; };
		5B4347552A60E251000CB1A6 /* EventViewModel.swift */ = {isa = PBXFileReference; lastKnownFileType = sourcecode.swift; path = EventViewModel.swift; sourceTree = "<group>"; };
		5BEC5BB22A89E4430058FEC8 /* MultilineLabel.swift */ = {isa = PBXFileReference; lastKnownFileType = sourcecode.swift; path = MultilineLabel.swift; sourceTree = "<group>"; };
		8B8E66112A2ADF79001E5D25 /* HorizontalDivider.swift */ = {isa = PBXFileReference; lastKnownFileType = sourcecode.swift; path = HorizontalDivider.swift; sourceTree = "<group>"; };
		8BC095152A2ADAF8009140C6 /* Day.swift */ = {isa = PBXFileReference; lastKnownFileType = sourcecode.swift; path = Day.swift; sourceTree = "<group>"; };
		8BE1F3372A43583C00D1AD6D /* CustomNavigationBar.swift */ = {isa = PBXFileReference; lastKnownFileType = sourcecode.swift; path = CustomNavigationBar.swift; sourceTree = "<group>"; };
		8BE3F6F02A26E65E00A4DBC2 /* DetroitApp.app */ = {isa = PBXFileReference; explicitFileType = wrapper.application; includeInIndex = 0; path = DetroitApp.app; sourceTree = BUILT_PRODUCTS_DIR; };
		8BE3F6F32A26E65E00A4DBC2 /* DetroitAppApp.swift */ = {isa = PBXFileReference; lastKnownFileType = sourcecode.swift; path = DetroitAppApp.swift; sourceTree = "<group>"; };
		8BE3F6F52A26E65E00A4DBC2 /* ContentView.swift */ = {isa = PBXFileReference; lastKnownFileType = sourcecode.swift; path = ContentView.swift; sourceTree = "<group>"; };
		8BE3F6F72A26E65F00A4DBC2 /* Assets.xcassets */ = {isa = PBXFileReference; lastKnownFileType = folder.assetcatalog; path = Assets.xcassets; sourceTree = "<group>"; };
		8BE3F6FA2A26E65F00A4DBC2 /* Preview Assets.xcassets */ = {isa = PBXFileReference; lastKnownFileType = folder.assetcatalog; path = "Preview Assets.xcassets"; sourceTree = "<group>"; };
		8BE3F7012A26E8C700A4DBC2 /* Event.swift */ = {isa = PBXFileReference; lastKnownFileType = sourcecode.swift; path = Event.swift; sourceTree = "<group>"; };
		8BE3F7032A26EB8B00A4DBC2 /* EventView.swift */ = {isa = PBXFileReference; lastKnownFileType = sourcecode.swift; path = EventView.swift; sourceTree = "<group>"; };
/* End PBXFileReference section */

/* Begin PBXFrameworksBuildPhase section */
		8BE3F6ED2A26E65E00A4DBC2 /* Frameworks */ = {
			isa = PBXFrameworksBuildPhase;
			buildActionMask = 2147483647;
			files = (
				5B4347542A60D73F000CB1A6 /* FirebaseDatabaseSwift in Frameworks */,
				5B4347522A60D73F000CB1A6 /* FirebaseDatabase in Frameworks */,
				5B4347502A60D73F000CB1A6 /* FirebaseAnalytics in Frameworks */,
			);
			runOnlyForDeploymentPostprocessing = 0;
		};
/* End PBXFrameworksBuildPhase section */

/* Begin PBXGroup section */
		8BE3F6E72A26E65E00A4DBC2 = {
			isa = PBXGroup;
			children = (
				8BE3F6F22A26E65E00A4DBC2 /* DetroitApp */,
				8BE3F6F12A26E65E00A4DBC2 /* Products */,
			);
			sourceTree = "<group>";
		};
		8BE3F6F12A26E65E00A4DBC2 /* Products */ = {
			isa = PBXGroup;
			children = (
				8BE3F6F02A26E65E00A4DBC2 /* DetroitApp.app */,
			);
			name = Products;
			sourceTree = "<group>";
		};
		8BE3F6F22A26E65E00A4DBC2 /* DetroitApp */ = {
			isa = PBXGroup;
			children = (
				8BE3F6F32A26E65E00A4DBC2 /* DetroitAppApp.swift */,
				8BE3F6F52A26E65E00A4DBC2 /* ContentView.swift */,
				8BE3F7032A26EB8B00A4DBC2 /* EventView.swift */,
				5B4347552A60E251000CB1A6 /* EventViewModel.swift */,
				8BE3F7012A26E8C700A4DBC2 /* Event.swift */,
				8B8E66112A2ADF79001E5D25 /* HorizontalDivider.swift */,
				8BC095152A2ADAF8009140C6 /* Day.swift */,
				8BE1F3372A43583C00D1AD6D /* CustomNavigationBar.swift */,
				5BEC5BB22A89E4430058FEC8 /* MultilineLabel.swift */,
				8BE3F6F72A26E65F00A4DBC2 /* Assets.xcassets */,
				5B43474C2A60D66C000CB1A6 /* GoogleService-Info.plist */,
				8BE3F6F92A26E65F00A4DBC2 /* Preview Content */,
			);
			path = DetroitApp;
			sourceTree = "<group>";
		};
		8BE3F6F92A26E65F00A4DBC2 /* Preview Content */ = {
			isa = PBXGroup;
			children = (
				8BE3F6FA2A26E65F00A4DBC2 /* Preview Assets.xcassets */,
			);
			path = "Preview Content";
			sourceTree = "<group>";
		};
/* End PBXGroup section */

/* Begin PBXNativeTarget section */
		8BE3F6EF2A26E65E00A4DBC2 /* DetroitApp */ = {
			isa = PBXNativeTarget;
			buildConfigurationList = 8BE3F6FE2A26E65F00A4DBC2 /* Build configuration list for PBXNativeTarget "DetroitApp" */;
			buildPhases = (
				8BE3F6EC2A26E65E00A4DBC2 /* Sources */,
				8BE3F6ED2A26E65E00A4DBC2 /* Frameworks */,
				8BE3F6EE2A26E65E00A4DBC2 /* Resources */,
			);
			buildRules = (
			);
			dependencies = (
			);
			name = DetroitApp;
			packageProductDependencies = (
				5B43474F2A60D73F000CB1A6 /* FirebaseAnalytics */,
				5B4347512A60D73F000CB1A6 /* FirebaseDatabase */,
				5B4347532A60D73F000CB1A6 /* FirebaseDatabaseSwift */,
			);
			productName = DetroitApp;
			productReference = 8BE3F6F02A26E65E00A4DBC2 /* DetroitApp.app */;
			productType = "com.apple.product-type.application";
		};
/* End PBXNativeTarget section */

/* Begin PBXProject section */
		8BE3F6E82A26E65E00A4DBC2 /* Project object */ = {
			isa = PBXProject;
			attributes = {
				BuildIndependentTargetsInParallel = 1;
				LastSwiftUpdateCheck = 1430;
				LastUpgradeCheck = 1430;
				TargetAttributes = {
					8BE3F6EF2A26E65E00A4DBC2 = {
						CreatedOnToolsVersion = 14.3;
					};
				};
			};
			buildConfigurationList = 8BE3F6EB2A26E65E00A4DBC2 /* Build configuration list for PBXProject "DetroitApp" */;
			compatibilityVersion = "Xcode 14.0";
			developmentRegion = en;
			hasScannedForEncodings = 0;
			knownRegions = (
				en,
				Base,
			);
			mainGroup = 8BE3F6E72A26E65E00A4DBC2;
			packageReferences = (
				5B43474E2A60D73F000CB1A6 /* XCRemoteSwiftPackageReference "firebase-ios-sdk" */,
			);
			productRefGroup = 8BE3F6F12A26E65E00A4DBC2 /* Products */;
			projectDirPath = "";
			projectRoot = "";
			targets = (
				8BE3F6EF2A26E65E00A4DBC2 /* DetroitApp */,
			);
		};
/* End PBXProject section */

/* Begin PBXResourcesBuildPhase section */
		8BE3F6EE2A26E65E00A4DBC2 /* Resources */ = {
			isa = PBXResourcesBuildPhase;
			buildActionMask = 2147483647;
			files = (
				8BE3F6FB2A26E65F00A4DBC2 /* Preview Assets.xcassets in Resources */,
				8BE3F6F82A26E65F00A4DBC2 /* Assets.xcassets in Resources */,
				5B43474D2A60D66C000CB1A6 /* GoogleService-Info.plist in Resources */,
			);
			runOnlyForDeploymentPostprocessing = 0;
		};
/* End PBXResourcesBuildPhase section */

/* Begin PBXSourcesBuildPhase section */
		8BE3F6EC2A26E65E00A4DBC2 /* Sources */ = {
			isa = PBXSourcesBuildPhase;
			buildActionMask = 2147483647;
			files = (
				8BE3F6F62A26E65E00A4DBC2 /* ContentView.swift in Sources */,
				8BE3F7022A26E8C700A4DBC2 /* Event.swift in Sources */,
				8BE3F6F42A26E65E00A4DBC2 /* DetroitAppApp.swift in Sources */,
				8BC095162A2ADAF8009140C6 /* Day.swift in Sources */,
				8BE3F7042A26EB8B00A4DBC2 /* EventView.swift in Sources */,
				5B4347562A60E251000CB1A6 /* EventViewModel.swift in Sources */,
				8B8E66122A2ADF79001E5D25 /* HorizontalDivider.swift in Sources */,
				8BE1F3382A43583C00D1AD6D /* CustomNavigationBar.swift in Sources */,
				5BEC5BB32A89E4430058FEC8 /* MultilineLabel.swift in Sources */,
			);
			runOnlyForDeploymentPostprocessing = 0;
		};
/* End PBXSourcesBuildPhase section */

/* Begin XCBuildConfiguration section */
		8BE3F6FC2A26E65F00A4DBC2 /* Debug */ = {
			isa = XCBuildConfiguration;
			buildSettings = {
				ALWAYS_SEARCH_USER_PATHS = NO;
				CLANG_ANALYZER_NONNULL = YES;
				CLANG_ANALYZER_NUMBER_OBJECT_CONVERSION = YES_AGGRESSIVE;
				CLANG_CXX_LANGUAGE_STANDARD = "gnu++20";
				CLANG_ENABLE_MODULES = YES;
				CLANG_ENABLE_OBJC_ARC = YES;
				CLANG_ENABLE_OBJC_WEAK = YES;
				CLANG_WARN_BLOCK_CAPTURE_AUTORELEASING = YES;
				CLANG_WARN_BOOL_CONVERSION = YES;
				CLANG_WARN_COMMA = YES;
				CLANG_WARN_CONSTANT_CONVERSION = YES;
				CLANG_WARN_DEPRECATED_OBJC_IMPLEMENTATIONS = YES;
				CLANG_WARN_DIRECT_OBJC_ISA_USAGE = YES_ERROR;
				CLANG_WARN_DOCUMENTATION_COMMENTS = YES;
				CLANG_WARN_EMPTY_BODY = YES;
				CLANG_WARN_ENUM_CONVERSION = YES;
				CLANG_WARN_INFINITE_RECURSION = YES;
				CLANG_WARN_INT_CONVERSION = YES;
				CLANG_WARN_NON_LITERAL_NULL_CONVERSION = YES;
				CLANG_WARN_OBJC_IMPLICIT_RETAIN_SELF = YES;
				CLANG_WARN_OBJC_LITERAL_CONVERSION = YES;
				CLANG_WARN_OBJC_ROOT_CLASS = YES_ERROR;
				CLANG_WARN_QUOTED_INCLUDE_IN_FRAMEWORK_HEADER = YES;
				CLANG_WARN_RANGE_LOOP_ANALYSIS = YES;
				CLANG_WARN_STRICT_PROTOTYPES = YES;
				CLANG_WARN_SUSPICIOUS_MOVE = YES;
				CLANG_WARN_UNGUARDED_AVAILABILITY = YES_AGGRESSIVE;
				CLANG_WARN_UNREACHABLE_CODE = YES;
				CLANG_WARN__DUPLICATE_METHOD_MATCH = YES;
				COPY_PHASE_STRIP = NO;
				DEBUG_INFORMATION_FORMAT = dwarf;
				ENABLE_STRICT_OBJC_MSGSEND = YES;
				ENABLE_TESTABILITY = YES;
				GCC_C_LANGUAGE_STANDARD = gnu11;
				GCC_DYNAMIC_NO_PIC = NO;
				GCC_NO_COMMON_BLOCKS = YES;
				GCC_OPTIMIZATION_LEVEL = 0;
				GCC_PREPROCESSOR_DEFINITIONS = (
					"DEBUG=1",
					"$(inherited)",
				);
				GCC_WARN_64_TO_32_BIT_CONVERSION = YES;
				GCC_WARN_ABOUT_RETURN_TYPE = YES_ERROR;
				GCC_WARN_UNDECLARED_SELECTOR = YES;
				GCC_WARN_UNINITIALIZED_AUTOS = YES_AGGRESSIVE;
				GCC_WARN_UNUSED_FUNCTION = YES;
				GCC_WARN_UNUSED_VARIABLE = YES;
				IPHONEOS_DEPLOYMENT_TARGET = 16.4;
				MTL_ENABLE_DEBUG_INFO = INCLUDE_SOURCE;
				MTL_FAST_MATH = YES;
				ONLY_ACTIVE_ARCH = YES;
				SDKROOT = iphoneos;
				SWIFT_ACTIVE_COMPILATION_CONDITIONS = DEBUG;
				SWIFT_OPTIMIZATION_LEVEL = "-Onone";
			};
			name = Debug;
		};
		8BE3F6FD2A26E65F00A4DBC2 /* Release */ = {
			isa = XCBuildConfiguration;
			buildSettings = {
				ALWAYS_SEARCH_USER_PATHS = NO;
				CLANG_ANALYZER_NONNULL = YES;
				CLANG_ANALYZER_NUMBER_OBJECT_CONVERSION = YES_AGGRESSIVE;
				CLANG_CXX_LANGUAGE_STANDARD = "gnu++20";
				CLANG_ENABLE_MODULES = YES;
				CLANG_ENABLE_OBJC_ARC = YES;
				CLANG_ENABLE_OBJC_WEAK = YES;
				CLANG_WARN_BLOCK_CAPTURE_AUTORELEASING = YES;
				CLANG_WARN_BOOL_CONVERSION = YES;
				CLANG_WARN_COMMA = YES;
				CLANG_WARN_CONSTANT_CONVERSION = YES;
				CLANG_WARN_DEPRECATED_OBJC_IMPLEMENTATIONS = YES;
				CLANG_WARN_DIRECT_OBJC_ISA_USAGE = YES_ERROR;
				CLANG_WARN_DOCUMENTATION_COMMENTS = YES;
				CLANG_WARN_EMPTY_BODY = YES;
				CLANG_WARN_ENUM_CONVERSION = YES;
				CLANG_WARN_INFINITE_RECURSION = YES;
				CLANG_WARN_INT_CONVERSION = YES;
				CLANG_WARN_NON_LITERAL_NULL_CONVERSION = YES;
				CLANG_WARN_OBJC_IMPLICIT_RETAIN_SELF = YES;
				CLANG_WARN_OBJC_LITERAL_CONVERSION = YES;
				CLANG_WARN_OBJC_ROOT_CLASS = YES_ERROR;
				CLANG_WARN_QUOTED_INCLUDE_IN_FRAMEWORK_HEADER = YES;
				CLANG_WARN_RANGE_LOOP_ANALYSIS = YES;
				CLANG_WARN_STRICT_PROTOTYPES = YES;
				CLANG_WARN_SUSPICIOUS_MOVE = YES;
				CLANG_WARN_UNGUARDED_AVAILABILITY = YES_AGGRESSIVE;
				CLANG_WARN_UNREACHABLE_CODE = YES;
				CLANG_WARN__DUPLICATE_METHOD_MATCH = YES;
				COPY_PHASE_STRIP = NO;
				DEBUG_INFORMATION_FORMAT = "dwarf-with-dsym";
				ENABLE_NS_ASSERTIONS = NO;
				ENABLE_STRICT_OBJC_MSGSEND = YES;
				GCC_C_LANGUAGE_STANDARD = gnu11;
				GCC_NO_COMMON_BLOCKS = YES;
				GCC_WARN_64_TO_32_BIT_CONVERSION = YES;
				GCC_WARN_ABOUT_RETURN_TYPE = YES_ERROR;
				GCC_WARN_UNDECLARED_SELECTOR = YES;
				GCC_WARN_UNINITIALIZED_AUTOS = YES_AGGRESSIVE;
				GCC_WARN_UNUSED_FUNCTION = YES;
				GCC_WARN_UNUSED_VARIABLE = YES;
				IPHONEOS_DEPLOYMENT_TARGET = 16.4;
				MTL_ENABLE_DEBUG_INFO = NO;
				MTL_FAST_MATH = YES;
				SDKROOT = iphoneos;
				SWIFT_COMPILATION_MODE = wholemodule;
				SWIFT_OPTIMIZATION_LEVEL = "-O";
				VALIDATE_PRODUCT = YES;
			};
			name = Release;
		};
		8BE3F6FF2A26E65F00A4DBC2 /* Debug */ = {
			isa = XCBuildConfiguration;
			buildSettings = {
				ASSETCATALOG_COMPILER_APPICON_NAME = AppIcon;
				ASSETCATALOG_COMPILER_GLOBAL_ACCENT_COLOR_NAME = AccentColor;
				CODE_SIGN_STYLE = Automatic;
				CURRENT_PROJECT_VERSION = 1;
				DEVELOPMENT_ASSET_PATHS = "\"DetroitApp/Preview Content\"";
				DEVELOPMENT_TEAM = 24S36Y3GNV;
				ENABLE_PREVIEWS = YES;
				GENERATE_INFOPLIST_FILE = YES;
				INFOPLIST_KEY_UIApplicationSceneManifest_Generation = YES;
				INFOPLIST_KEY_UIApplicationSupportsIndirectInputEvents = YES;
				INFOPLIST_KEY_UILaunchScreen_Generation = YES;
				INFOPLIST_KEY_UISupportedInterfaceOrientations_iPad = "UIInterfaceOrientationPortrait UIInterfaceOrientationPortraitUpsideDown UIInterfaceOrientationLandscapeLeft UIInterfaceOrientationLandscapeRight";
				INFOPLIST_KEY_UISupportedInterfaceOrientations_iPhone = "UIInterfaceOrientationPortrait UIInterfaceOrientationLandscapeLeft UIInterfaceOrientationLandscapeRight";
				IPHONEOS_DEPLOYMENT_TARGET = 16.1;
				LD_RUNPATH_SEARCH_PATHS = (
					"$(inherited)",
					"@executable_path/Frameworks",
				);
				MARKETING_VERSION = 1.0;
				PRODUCT_BUNDLE_IDENTIFIER = myers.blair.DetroitApp;
				PRODUCT_NAME = "$(TARGET_NAME)";
				SWIFT_EMIT_LOC_STRINGS = YES;
				SWIFT_VERSION = 5.0;
				TARGETED_DEVICE_FAMILY = "1,2";
			};
			name = Debug;
		};
		8BE3F7002A26E65F00A4DBC2 /* Release */ = {
			isa = XCBuildConfiguration;
			buildSettings = {
				ASSETCATALOG_COMPILER_APPICON_NAME = AppIcon;
				ASSETCATALOG_COMPILER_GLOBAL_ACCENT_COLOR_NAME = AccentColor;
				CODE_SIGN_STYLE = Automatic;
				CURRENT_PROJECT_VERSION = 1;
				DEVELOPMENT_ASSET_PATHS = "\"DetroitApp/Preview Content\"";
				DEVELOPMENT_TEAM = 24S36Y3GNV;
				ENABLE_PREVIEWS = YES;
				GENERATE_INFOPLIST_FILE = YES;
				INFOPLIST_KEY_UIApplicationSceneManifest_Generation = YES;
				INFOPLIST_KEY_UIApplicationSupportsIndirectInputEvents = YES;
				INFOPLIST_KEY_UILaunchScreen_Generation = YES;
				INFOPLIST_KEY_UISupportedInterfaceOrientations_iPad = "UIInterfaceOrientationPortrait UIInterfaceOrientationPortraitUpsideDown UIInterfaceOrientationLandscapeLeft UIInterfaceOrientationLandscapeRight";
				INFOPLIST_KEY_UISupportedInterfaceOrientations_iPhone = "UIInterfaceOrientationPortrait UIInterfaceOrientationLandscapeLeft UIInterfaceOrientationLandscapeRight";
				IPHONEOS_DEPLOYMENT_TARGET = 16.1;
				LD_RUNPATH_SEARCH_PATHS = (
					"$(inherited)",
					"@executable_path/Frameworks",
				);
				MARKETING_VERSION = 1.0;
				PRODUCT_BUNDLE_IDENTIFIER = myers.blair.DetroitApp;
				PRODUCT_NAME = "$(TARGET_NAME)";
				SWIFT_EMIT_LOC_STRINGS = YES;
				SWIFT_VERSION = 5.0;
				TARGETED_DEVICE_FAMILY = "1,2";
			};
			name = Release;
		};
/* End XCBuildConfiguration section */

/* Begin XCConfigurationList section */
		8BE3F6EB2A26E65E00A4DBC2 /* Build configuration list for PBXProject "DetroitApp" */ = {
			isa = XCConfigurationList;
			buildConfigurations = (
				8BE3F6FC2A26E65F00A4DBC2 /* Debug */,
				8BE3F6FD2A26E65F00A4DBC2 /* Release */,
			);
			defaultConfigurationIsVisible = 0;
			defaultConfigurationName = Release;
		};
		8BE3F6FE2A26E65F00A4DBC2 /* Build configuration list for PBXNativeTarget "DetroitApp" */ = {
			isa = XCConfigurationList;
			buildConfigurations = (
				8BE3F6FF2A26E65F00A4DBC2 /* Debug */,
				8BE3F7002A26E65F00A4DBC2 /* Release */,
			);
			defaultConfigurationIsVisible = 0;
			defaultConfigurationName = Release;
		};
/* End XCConfigurationList section */

/* Begin XCRemoteSwiftPackageReference section */
		5B43474E2A60D73F000CB1A6 /* XCRemoteSwiftPackageReference "firebase-ios-sdk" */ = {
			isa = XCRemoteSwiftPackageReference;
			repositoryURL = "https://github.com/firebase/firebase-ios-sdk";
			requirement = {
				kind = upToNextMajorVersion;
				minimumVersion = 9.0.0;
			};
		};
/* End XCRemoteSwiftPackageReference section */

/* Begin XCSwiftPackageProductDependency section */
		5B43474F2A60D73F000CB1A6 /* FirebaseAnalytics */ = {
			isa = XCSwiftPackageProductDependency;
			package = 5B43474E2A60D73F000CB1A6 /* XCRemoteSwiftPackageReference "firebase-ios-sdk" */;
			productName = FirebaseAnalytics;
		};
		5B4347512A60D73F000CB1A6 /* FirebaseDatabase */ = {
			isa = XCSwiftPackageProductDependency;
			package = 5B43474E2A60D73F000CB1A6 /* XCRemoteSwiftPackageReference "firebase-ios-sdk" */;
			productName = FirebaseDatabase;
		};
		5B4347532A60D73F000CB1A6 /* FirebaseDatabaseSwift */ = {
			isa = XCSwiftPackageProductDependency;
			package = 5B43474E2A60D73F000CB1A6 /* XCRemoteSwiftPackageReference "firebase-ios-sdk" */;
			productName = FirebaseDatabaseSwift;
		};
/* End XCSwiftPackageProductDependency section */
	};
	rootObject = 8BE3F6E82A26E65E00A4DBC2 /* Project object */;
}
